// !$*UTF8*$!
{
	archiveVersion = 1;
	classes = {
	};
	objectVersion = 56;
	objects = {

/* Begin PBXBuildFile section */
		AC5A3C6729198C5D009D2BD0 /* OnboardingContainerViewController.swift in Sources */ = {isa = PBXBuildFile; fileRef = AC5A3C6629198C5D009D2BD0 /* OnboardingContainerViewController.swift */; };
		AC5A3C6929199087009D2BD0 /* OnboardingViewController.swift in Sources */ = {isa = PBXBuildFile; fileRef = AC5A3C6829199087009D2BD0 /* OnboardingViewController.swift */; };
		AC5A3C6B29199FC8009D2BD0 /* DummyViewController.swift in Sources */ = {isa = PBXBuildFile; fileRef = AC5A3C6A29199FC8009D2BD0 /* DummyViewController.swift */; };
		AC5A3C6E2919A492009D2BD0 /* LocalState.swift in Sources */ = {isa = PBXBuildFile; fileRef = AC5A3C6D2919A492009D2BD0 /* LocalState.swift */; };
		AC8DF6E1297ACDC3004B8E43 /* AccountSummaryCell.swift in Sources */ = {isa = PBXBuildFile; fileRef = AC8DF6E0297ACDC3004B8E43 /* AccountSummaryCell.swift */; };
		AC8DF6E3297AE3C9004B8E43 /* DecimalUtils.swift in Sources */ = {isa = PBXBuildFile; fileRef = AC8DF6E2297AE3C9004B8E43 /* DecimalUtils.swift */; };
		AC8DF6E5297AE422004B8E43 /* CurrencyFormatter.swift in Sources */ = {isa = PBXBuildFile; fileRef = AC8DF6E4297AE422004B8E43 /* CurrencyFormatter.swift */; };
		AC98E49A29759F50001713FA /* UIViewController+Utils.swift in Sources */ = {isa = PBXBuildFile; fileRef = AC98E49929759F50001713FA /* UIViewController+Utils.swift */; };
		AC98E49C2975A0A8001713FA /* MainViewController.swift in Sources */ = {isa = PBXBuildFile; fileRef = AC98E49B2975A0A8001713FA /* MainViewController.swift */; };
		AC98E49F2975AE9D001713FA /* AccountSummaryViewController.swift in Sources */ = {isa = PBXBuildFile; fileRef = AC98E49E2975AE9D001713FA /* AccountSummaryViewController.swift */; };
		AC98E4A12975B659001713FA /* AccountSummaryHeaderView.swift in Sources */ = {isa = PBXBuildFile; fileRef = AC98E4A02975B659001713FA /* AccountSummaryHeaderView.swift */; };
		AC98E4A32975B6A8001713FA /* AccountSummaryHeaderView.xib in Resources */ = {isa = PBXBuildFile; fileRef = AC98E4A22975B6A8001713FA /* AccountSummaryHeaderView.xib */; };
		ACBF924D297EDA6F001B2C12 /* CurrencyFormatterTests.swift in Sources */ = {isa = PBXBuildFile; fileRef = ACBF924C297EDA6F001B2C12 /* CurrencyFormatterTests.swift */; };
		ACDD9B342909A44400730F10 /* AppDelegate.swift in Sources */ = {isa = PBXBuildFile; fileRef = ACDD9B332909A44400730F10 /* AppDelegate.swift */; };
		ACDD9B382909A44400730F10 /* LoginViewController.swift in Sources */ = {isa = PBXBuildFile; fileRef = ACDD9B372909A44400730F10 /* LoginViewController.swift */; };
		ACDD9B3D2909A44600730F10 /* Assets.xcassets in Resources */ = {isa = PBXBuildFile; fileRef = ACDD9B3C2909A44600730F10 /* Assets.xcassets */; };
		ACDD9B402909A44600730F10 /* LaunchScreen.storyboard in Resources */ = {isa = PBXBuildFile; fileRef = ACDD9B3E2909A44600730F10 /* LaunchScreen.storyboard */; };
		ACDD9B4A2909A85500730F10 /* LoginView.swift in Sources */ = {isa = PBXBuildFile; fileRef = ACDD9B492909A85500730F10 /* LoginView.swift */; };
/* End PBXBuildFile section */

/* Begin PBXContainerItemProxy section */
		ACBF9247297ED9D4001B2C12 /* PBXContainerItemProxy */ = {
			isa = PBXContainerItemProxy;
			containerPortal = ACDD9B282909A44400730F10 /* Project object */;
			proxyType = 1;
			remoteGlobalIDString = ACDD9B2F2909A44400730F10;
			remoteInfo = Bankey;
		};
/* End PBXContainerItemProxy section */

/* Begin PBXFileReference section */
		AC5A3C6629198C5D009D2BD0 /* OnboardingContainerViewController.swift */ = {isa = PBXFileReference; lastKnownFileType = sourcecode.swift; path = OnboardingContainerViewController.swift; sourceTree = "<group>"; };
		AC5A3C6829199087009D2BD0 /* OnboardingViewController.swift */ = {isa = PBXFileReference; lastKnownFileType = sourcecode.swift; path = OnboardingViewController.swift; sourceTree = "<group>"; };
		AC5A3C6A29199FC8009D2BD0 /* DummyViewController.swift */ = {isa = PBXFileReference; lastKnownFileType = sourcecode.swift; path = DummyViewController.swift; sourceTree = "<group>"; };
		AC5A3C6D2919A492009D2BD0 /* LocalState.swift */ = {isa = PBXFileReference; lastKnownFileType = sourcecode.swift; path = LocalState.swift; sourceTree = "<group>"; };
		AC8DF6E0297ACDC3004B8E43 /* AccountSummaryCell.swift */ = {isa = PBXFileReference; lastKnownFileType = sourcecode.swift; path = AccountSummaryCell.swift; sourceTree = "<group>"; };
		AC8DF6E2297AE3C9004B8E43 /* DecimalUtils.swift */ = {isa = PBXFileReference; lastKnownFileType = sourcecode.swift; path = DecimalUtils.swift; sourceTree = "<group>"; };
		AC8DF6E4297AE422004B8E43 /* CurrencyFormatter.swift */ = {isa = PBXFileReference; lastKnownFileType = sourcecode.swift; path = CurrencyFormatter.swift; sourceTree = "<group>"; };
		AC98E49929759F50001713FA /* UIViewController+Utils.swift */ = {isa = PBXFileReference; lastKnownFileType = sourcecode.swift; path = "UIViewController+Utils.swift"; sourceTree = "<group>"; };
		AC98E49B2975A0A8001713FA /* MainViewController.swift */ = {isa = PBXFileReference; lastKnownFileType = sourcecode.swift; path = MainViewController.swift; sourceTree = "<group>"; };
		AC98E49E2975AE9D001713FA /* AccountSummaryViewController.swift */ = {isa = PBXFileReference; lastKnownFileType = sourcecode.swift; path = AccountSummaryViewController.swift; sourceTree = "<group>"; };
		AC98E4A02975B659001713FA /* AccountSummaryHeaderView.swift */ = {isa = PBXFileReference; lastKnownFileType = sourcecode.swift; path = AccountSummaryHeaderView.swift; sourceTree = "<group>"; };
		AC98E4A22975B6A8001713FA /* AccountSummaryHeaderView.xib */ = {isa = PBXFileReference; lastKnownFileType = file.xib; path = AccountSummaryHeaderView.xib; sourceTree = "<group>"; };
		ACBF9243297ED9D4001B2C12 /* BankeyUnitTests.xctest */ = {isa = PBXFileReference; explicitFileType = wrapper.cfbundle; includeInIndex = 0; path = BankeyUnitTests.xctest; sourceTree = BUILT_PRODUCTS_DIR; };
		ACBF924C297EDA6F001B2C12 /* CurrencyFormatterTests.swift */ = {isa = PBXFileReference; lastKnownFileType = sourcecode.swift; path = CurrencyFormatterTests.swift; sourceTree = "<group>"; };
		ACDD9B302909A44400730F10 /* Bankey.app */ = {isa = PBXFileReference; explicitFileType = wrapper.application; includeInIndex = 0; path = Bankey.app; sourceTree = BUILT_PRODUCTS_DIR; };
		ACDD9B332909A44400730F10 /* AppDelegate.swift */ = {isa = PBXFileReference; lastKnownFileType = sourcecode.swift; path = AppDelegate.swift; sourceTree = "<group>"; };
		ACDD9B372909A44400730F10 /* LoginViewController.swift */ = {isa = PBXFileReference; lastKnownFileType = sourcecode.swift; path = LoginViewController.swift; sourceTree = "<group>"; };
		ACDD9B3C2909A44600730F10 /* Assets.xcassets */ = {isa = PBXFileReference; lastKnownFileType = folder.assetcatalog; path = Assets.xcassets; sourceTree = "<group>"; };
		ACDD9B3F2909A44600730F10 /* Base */ = {isa = PBXFileReference; lastKnownFileType = file.storyboard; name = Base; path = Base.lproj/LaunchScreen.storyboard; sourceTree = "<group>"; };
		ACDD9B412909A44600730F10 /* Info.plist */ = {isa = PBXFileReference; lastKnownFileType = text.plist.xml; path = Info.plist; sourceTree = "<group>"; };
		ACDD9B492909A85500730F10 /* LoginView.swift */ = {isa = PBXFileReference; lastKnownFileType = sourcecode.swift; path = LoginView.swift; sourceTree = "<group>"; };
/* End PBXFileReference section */

/* Begin PBXFrameworksBuildPhase section */
		ACBF9240297ED9D4001B2C12 /* Frameworks */ = {
			isa = PBXFrameworksBuildPhase;
			buildActionMask = 2147483647;
			files = (
			);
			runOnlyForDeploymentPostprocessing = 0;
		};
		ACDD9B2D2909A44400730F10 /* Frameworks */ = {
			isa = PBXFrameworksBuildPhase;
			buildActionMask = 2147483647;
			files = (
			);
			runOnlyForDeploymentPostprocessing = 0;
		};
/* End PBXFrameworksBuildPhase section */

/* Begin PBXGroup section */
		AC5A3C6529198C25009D2BD0 /* Onboarding */ = {
			isa = PBXGroup;
			children = (
				AC5A3C6629198C5D009D2BD0 /* OnboardingContainerViewController.swift */,
				AC5A3C6829199087009D2BD0 /* OnboardingViewController.swift */,
			);
			path = Onboarding;
			sourceTree = "<group>";
		};
		AC5A3C6C2919A483009D2BD0 /* Utils */ = {
			isa = PBXGroup;
			children = (
				AC5A3C6D2919A492009D2BD0 /* LocalState.swift */,
				AC98E49929759F50001713FA /* UIViewController+Utils.swift */,
				AC8DF6E2297AE3C9004B8E43 /* DecimalUtils.swift */,
				AC8DF6E4297AE422004B8E43 /* CurrencyFormatter.swift */,
			);
			path = Utils;
			sourceTree = "<group>";
		};
		AC8DF6DE297ACD7E004B8E43 /* Header */ = {
			isa = PBXGroup;
			children = (
				AC98E4A02975B659001713FA /* AccountSummaryHeaderView.swift */,
				AC98E4A22975B6A8001713FA /* AccountSummaryHeaderView.xib */,
			);
			path = Header;
			sourceTree = "<group>";
		};
		AC8DF6DF297ACD9F004B8E43 /* Cells */ = {
			isa = PBXGroup;
			children = (
				AC8DF6E0297ACDC3004B8E43 /* AccountSummaryCell.swift */,
			);
			path = Cells;
			sourceTree = "<group>";
		};
		AC98E49D2975AE75001713FA /* AccountSummary */ = {
			isa = PBXGroup;
			children = (
				AC98E49E2975AE9D001713FA /* AccountSummaryViewController.swift */,
				AC8DF6DE297ACD7E004B8E43 /* Header */,
				AC8DF6DF297ACD9F004B8E43 /* Cells */,
			);
			path = AccountSummary;
			sourceTree = "<group>";
		};
		ACBF9244297ED9D4001B2C12 /* BankeyUnitTests */ = {
			isa = PBXGroup;
			children = (
				ACBF924C297EDA6F001B2C12 /* CurrencyFormatterTests.swift */,
			);
			path = BankeyUnitTests;
			sourceTree = "<group>";
		};
		ACDD9B272909A44400730F10 = {
			isa = PBXGroup;
			children = (
				ACDD9B322909A44400730F10 /* Bankey */,
				ACBF9244297ED9D4001B2C12 /* BankeyUnitTests */,
				ACDD9B312909A44400730F10 /* Products */,
			);
			sourceTree = "<group>";
		};
		ACDD9B312909A44400730F10 /* Products */ = {
			isa = PBXGroup;
			children = (
				ACDD9B302909A44400730F10 /* Bankey.app */,
				ACBF9243297ED9D4001B2C12 /* BankeyUnitTests.xctest */,
			);
			name = Products;
			sourceTree = "<group>";
		};
		ACDD9B322909A44400730F10 /* Bankey */ = {
			isa = PBXGroup;
			children = (
				ACDD9B332909A44400730F10 /* AppDelegate.swift */,
				AC98E49B2975A0A8001713FA /* MainViewController.swift */,
				ACDD9B482909A81500730F10 /* Login */,
				AC5A3C6529198C25009D2BD0 /* Onboarding */,
				AC98E49D2975AE75001713FA /* AccountSummary */,
				AC5A3C6C2919A483009D2BD0 /* Utils */,
				ACDD9B472909A7AE00730F10 /* Files */,
			);
			path = Bankey;
			sourceTree = "<group>";
		};
		ACDD9B472909A7AE00730F10 /* Files */ = {
			isa = PBXGroup;
			children = (
				ACDD9B3C2909A44600730F10 /* Assets.xcassets */,
				ACDD9B3E2909A44600730F10 /* LaunchScreen.storyboard */,
				ACDD9B412909A44600730F10 /* Info.plist */,
			);
			name = Files;
			sourceTree = "<group>";
		};
		ACDD9B482909A81500730F10 /* Login */ = {
			isa = PBXGroup;
			children = (
				ACDD9B372909A44400730F10 /* LoginViewController.swift */,
				ACDD9B492909A85500730F10 /* LoginView.swift */,
				AC5A3C6A29199FC8009D2BD0 /* DummyViewController.swift */,
			);
			path = Login;
			sourceTree = "<group>";
		};
/* End PBXGroup section */

/* Begin PBXNativeTarget section */
		ACBF9242297ED9D4001B2C12 /* BankeyUnitTests */ = {
			isa = PBXNativeTarget;
			buildConfigurationList = ACBF924B297ED9D4001B2C12 /* Build configuration list for PBXNativeTarget "BankeyUnitTests" */;
			buildPhases = (
				ACBF923F297ED9D4001B2C12 /* Sources */,
				ACBF9240297ED9D4001B2C12 /* Frameworks */,
				ACBF9241297ED9D4001B2C12 /* Resources */,
			);
			buildRules = (
			);
			dependencies = (
				ACBF9248297ED9D4001B2C12 /* PBXTargetDependency */,
			);
			name = BankeyUnitTests;
			productName = BankeyUnitTests;
			productReference = ACBF9243297ED9D4001B2C12 /* BankeyUnitTests.xctest */;
			productType = "com.apple.product-type.bundle.unit-test";
		};
		ACDD9B2F2909A44400730F10 /* Bankey */ = {
			isa = PBXNativeTarget;
			buildConfigurationList = ACDD9B442909A44600730F10 /* Build configuration list for PBXNativeTarget "Bankey" */;
			buildPhases = (
				ACDD9B2C2909A44400730F10 /* Sources */,
				ACDD9B2D2909A44400730F10 /* Frameworks */,
				ACDD9B2E2909A44400730F10 /* Resources */,
			);
			buildRules = (
			);
			dependencies = (
			);
			name = Bankey;
			productName = Bankey;
			productReference = ACDD9B302909A44400730F10 /* Bankey.app */;
			productType = "com.apple.product-type.application";
		};
/* End PBXNativeTarget section */

/* Begin PBXProject section */
		ACDD9B282909A44400730F10 /* Project object */ = {
			isa = PBXProject;
			attributes = {
				BuildIndependentTargetsInParallel = 1;
				LastSwiftUpdateCheck = 1420;
				LastUpgradeCheck = 1400;
				TargetAttributes = {
					ACBF9242297ED9D4001B2C12 = {
						CreatedOnToolsVersion = 14.2;
						LastSwiftMigration = 1420;
						TestTargetID = ACDD9B2F2909A44400730F10;
					};
					ACDD9B2F2909A44400730F10 = {
						CreatedOnToolsVersion = 14.0.1;
					};
				};
			};
			buildConfigurationList = ACDD9B2B2909A44400730F10 /* Build configuration list for PBXProject "Bankey" */;
			compatibilityVersion = "Xcode 14.0";
			developmentRegion = en;
			hasScannedForEncodings = 0;
			knownRegions = (
				en,
				Base,
			);
			mainGroup = ACDD9B272909A44400730F10;
			productRefGroup = ACDD9B312909A44400730F10 /* Products */;
			projectDirPath = "";
			projectRoot = "";
			targets = (
				ACDD9B2F2909A44400730F10 /* Bankey */,
				ACBF9242297ED9D4001B2C12 /* BankeyUnitTests */,
			);
		};
/* End PBXProject section */

/* Begin PBXResourcesBuildPhase section */
		ACBF9241297ED9D4001B2C12 /* Resources */ = {
			isa = PBXResourcesBuildPhase;
			buildActionMask = 2147483647;
			files = (
			);
			runOnlyForDeploymentPostprocessing = 0;
		};
		ACDD9B2E2909A44400730F10 /* Resources */ = {
			isa = PBXResourcesBuildPhase;
			buildActionMask = 2147483647;
			files = (
				AC98E4A32975B6A8001713FA /* AccountSummaryHeaderView.xib in Resources */,
				ACDD9B402909A44600730F10 /* LaunchScreen.storyboard in Resources */,
				ACDD9B3D2909A44600730F10 /* Assets.xcassets in Resources */,
			);
			runOnlyForDeploymentPostprocessing = 0;
		};
/* End PBXResourcesBuildPhase section */

/* Begin PBXSourcesBuildPhase section */
		ACBF923F297ED9D4001B2C12 /* Sources */ = {
			isa = PBXSourcesBuildPhase;
			buildActionMask = 2147483647;
			files = (
				ACBF924D297EDA6F001B2C12 /* CurrencyFormatterTests.swift in Sources */,
			);
			runOnlyForDeploymentPostprocessing = 0;
		};
		ACDD9B2C2909A44400730F10 /* Sources */ = {
			isa = PBXSourcesBuildPhase;
			buildActionMask = 2147483647;
			files = (
				AC98E49A29759F50001713FA /* UIViewController+Utils.swift in Sources */,
				ACDD9B4A2909A85500730F10 /* LoginView.swift in Sources */,
				AC5A3C6E2919A492009D2BD0 /* LocalState.swift in Sources */,
				AC8DF6E3297AE3C9004B8E43 /* DecimalUtils.swift in Sources */,
				AC98E4A12975B659001713FA /* AccountSummaryHeaderView.swift in Sources */,
				AC8DF6E5297AE422004B8E43 /* CurrencyFormatter.swift in Sources */,
				AC5A3C6B29199FC8009D2BD0 /* DummyViewController.swift in Sources */,
				ACDD9B382909A44400730F10 /* LoginViewController.swift in Sources */,
				AC8DF6E1297ACDC3004B8E43 /* AccountSummaryCell.swift in Sources */,
				AC5A3C6929199087009D2BD0 /* OnboardingViewController.swift in Sources */,
				AC98E49C2975A0A8001713FA /* MainViewController.swift in Sources */,
				AC98E49F2975AE9D001713FA /* AccountSummaryViewController.swift in Sources */,
				ACDD9B342909A44400730F10 /* AppDelegate.swift in Sources */,
				AC5A3C6729198C5D009D2BD0 /* OnboardingContainerViewController.swift in Sources */,
			);
			runOnlyForDeploymentPostprocessing = 0;
		};
/* End PBXSourcesBuildPhase section */

/* Begin PBXTargetDependency section */
		ACBF9248297ED9D4001B2C12 /* PBXTargetDependency */ = {
			isa = PBXTargetDependency;
			target = ACDD9B2F2909A44400730F10 /* Bankey */;
			targetProxy = ACBF9247297ED9D4001B2C12 /* PBXContainerItemProxy */;
		};
/* End PBXTargetDependency section */

/* Begin PBXVariantGroup section */
		ACDD9B3E2909A44600730F10 /* LaunchScreen.storyboard */ = {
			isa = PBXVariantGroup;
			children = (
				ACDD9B3F2909A44600730F10 /* Base */,
			);
			name = LaunchScreen.storyboard;
			sourceTree = "<group>";
		};
/* End PBXVariantGroup section */

/* Begin XCBuildConfiguration section */
		ACBF9249297ED9D4001B2C12 /* Debug */ = {
			isa = XCBuildConfiguration;
			buildSettings = {
				BUNDLE_LOADER = "$(TEST_HOST)";
				CLANG_ENABLE_MODULES = YES;
				CODE_SIGN_STYLE = Automatic;
				CURRENT_PROJECT_VERSION = 1;
				GENERATE_INFOPLIST_FILE = YES;
				IPHONEOS_DEPLOYMENT_TARGET = 16.2;
				LD_RUNPATH_SEARCH_PATHS = (
					"$(inherited)",
					"@executable_path/Frameworks",
					"@loader_path/Frameworks",
				);
				MARKETING_VERSION = 1.0;
				PRODUCT_BUNDLE_IDENTIFIER = com.accesso.BankeyUnitTests;
				PRODUCT_NAME = "$(TARGET_NAME)";
				SWIFT_EMIT_LOC_STRINGS = NO;
				SWIFT_OPTIMIZATION_LEVEL = "-Onone";
				SWIFT_VERSION = 5.0;
				TARGETED_DEVICE_FAMILY = "1,2";
				TEST_HOST = "$(BUILT_PRODUCTS_DIR)/Bankey.app/$(BUNDLE_EXECUTABLE_FOLDER_PATH)/Bankey";
			};
			name = Debug;
		};
		ACBF924A297ED9D4001B2C12 /* Release */ = {
			isa = XCBuildConfiguration;
			buildSettings = {
				BUNDLE_LOADER = "$(TEST_HOST)";
				CLANG_ENABLE_MODULES = YES;
				CODE_SIGN_STYLE = Automatic;
				CURRENT_PROJECT_VERSION = 1;
				GENERATE_INFOPLIST_FILE = YES;
				IPHONEOS_DEPLOYMENT_TARGET = 16.2;
				LD_RUNPATH_SEARCH_PATHS = (
					"$(inherited)",
					"@executable_path/Frameworks",
					"@loader_path/Frameworks",
				);
				MARKETING_VERSION = 1.0;
				PRODUCT_BUNDLE_IDENTIFIER = com.accesso.BankeyUnitTests;
				PRODUCT_NAME = "$(TARGET_NAME)";
				SWIFT_EMIT_LOC_STRINGS = NO;
				SWIFT_VERSION = 5.0;
				TARGETED_DEVICE_FAMILY = "1,2";
				TEST_HOST = "$(BUILT_PRODUCTS_DIR)/Bankey.app/$(BUNDLE_EXECUTABLE_FOLDER_PATH)/Bankey";
			};
			name = Release;
		};
		ACDD9B422909A44600730F10 /* Debug */ = {
			isa = XCBuildConfiguration;
			buildSettings = {
				ALWAYS_SEARCH_USER_PATHS = NO;
				CLANG_ANALYZER_NONNULL = YES;
				CLANG_ANALYZER_NUMBER_OBJECT_CONVERSION = YES_AGGRESSIVE;
				CLANG_CXX_LANGUAGE_STANDARD = "gnu++20";
				CLANG_ENABLE_MODULES = YES;
				CLANG_ENABLE_OBJC_ARC = YES;
				CLANG_ENABLE_OBJC_WEAK = YES;
				CLANG_WARN_BLOCK_CAPTURE_AUTORELEASING = YES;
				CLANG_WARN_BOOL_CONVERSION = YES;
				CLANG_WARN_COMMA = YES;
				CLANG_WARN_CONSTANT_CONVERSION = YES;
				CLANG_WARN_DEPRECATED_OBJC_IMPLEMENTATIONS = YES;
				CLANG_WARN_DIRECT_OBJC_ISA_USAGE = YES_ERROR;
				CLANG_WARN_DOCUMENTATION_COMMENTS = YES;
				CLANG_WARN_EMPTY_BODY = YES;
				CLANG_WARN_ENUM_CONVERSION = YES;
				CLANG_WARN_INFINITE_RECURSION = YES;
				CLANG_WARN_INT_CONVERSION = YES;
				CLANG_WARN_NON_LITERAL_NULL_CONVERSION = YES;
				CLANG_WARN_OBJC_IMPLICIT_RETAIN_SELF = YES;
				CLANG_WARN_OBJC_LITERAL_CONVERSION = YES;
				CLANG_WARN_OBJC_ROOT_CLASS = YES_ERROR;
				CLANG_WARN_QUOTED_INCLUDE_IN_FRAMEWORK_HEADER = YES;
				CLANG_WARN_RANGE_LOOP_ANALYSIS = YES;
				CLANG_WARN_STRICT_PROTOTYPES = YES;
				CLANG_WARN_SUSPICIOUS_MOVE = YES;
				CLANG_WARN_UNGUARDED_AVAILABILITY = YES_AGGRESSIVE;
				CLANG_WARN_UNREACHABLE_CODE = YES;
				CLANG_WARN__DUPLICATE_METHOD_MATCH = YES;
				COPY_PHASE_STRIP = NO;
				DEBUG_INFORMATION_FORMAT = dwarf;
				ENABLE_STRICT_OBJC_MSGSEND = YES;
				ENABLE_TESTABILITY = YES;
				GCC_C_LANGUAGE_STANDARD = gnu11;
				GCC_DYNAMIC_NO_PIC = NO;
				GCC_NO_COMMON_BLOCKS = YES;
				GCC_OPTIMIZATION_LEVEL = 0;
				GCC_PREPROCESSOR_DEFINITIONS = (
					"DEBUG=1",
					"$(inherited)",
				);
				GCC_WARN_64_TO_32_BIT_CONVERSION = YES;
				GCC_WARN_ABOUT_RETURN_TYPE = YES_ERROR;
				GCC_WARN_UNDECLARED_SELECTOR = YES;
				GCC_WARN_UNINITIALIZED_AUTOS = YES_AGGRESSIVE;
				GCC_WARN_UNUSED_FUNCTION = YES;
				GCC_WARN_UNUSED_VARIABLE = YES;
				IPHONEOS_DEPLOYMENT_TARGET = 16.0;
				MTL_ENABLE_DEBUG_INFO = INCLUDE_SOURCE;
				MTL_FAST_MATH = YES;
				ONLY_ACTIVE_ARCH = YES;
				SDKROOT = iphoneos;
				SWIFT_ACTIVE_COMPILATION_CONDITIONS = DEBUG;
				SWIFT_OPTIMIZATION_LEVEL = "-Onone";
			};
			name = Debug;
		};
		ACDD9B432909A44600730F10 /* Release */ = {
			isa = XCBuildConfiguration;
			buildSettings = {
				ALWAYS_SEARCH_USER_PATHS = NO;
				CLANG_ANALYZER_NONNULL = YES;
				CLANG_ANALYZER_NUMBER_OBJECT_CONVERSION = YES_AGGRESSIVE;
				CLANG_CXX_LANGUAGE_STANDARD = "gnu++20";
				CLANG_ENABLE_MODULES = YES;
				CLANG_ENABLE_OBJC_ARC = YES;
				CLANG_ENABLE_OBJC_WEAK = YES;
				CLANG_WARN_BLOCK_CAPTURE_AUTORELEASING = YES;
				CLANG_WARN_BOOL_CONVERSION = YES;
				CLANG_WARN_COMMA = YES;
				CLANG_WARN_CONSTANT_CONVERSION = YES;
				CLANG_WARN_DEPRECATED_OBJC_IMPLEMENTATIONS = YES;
				CLANG_WARN_DIRECT_OBJC_ISA_USAGE = YES_ERROR;
				CLANG_WARN_DOCUMENTATION_COMMENTS = YES;
				CLANG_WARN_EMPTY_BODY = YES;
				CLANG_WARN_ENUM_CONVERSION = YES;
				CLANG_WARN_INFINITE_RECURSION = YES;
				CLANG_WARN_INT_CONVERSION = YES;
				CLANG_WARN_NON_LITERAL_NULL_CONVERSION = YES;
				CLANG_WARN_OBJC_IMPLICIT_RETAIN_SELF = YES;
				CLANG_WARN_OBJC_LITERAL_CONVERSION = YES;
				CLANG_WARN_OBJC_ROOT_CLASS = YES_ERROR;
				CLANG_WARN_QUOTED_INCLUDE_IN_FRAMEWORK_HEADER = YES;
				CLANG_WARN_RANGE_LOOP_ANALYSIS = YES;
				CLANG_WARN_STRICT_PROTOTYPES = YES;
				CLANG_WARN_SUSPICIOUS_MOVE = YES;
				CLANG_WARN_UNGUARDED_AVAILABILITY = YES_AGGRESSIVE;
				CLANG_WARN_UNREACHABLE_CODE = YES;
				CLANG_WARN__DUPLICATE_METHOD_MATCH = YES;
				COPY_PHASE_STRIP = NO;
				DEBUG_INFORMATION_FORMAT = "dwarf-with-dsym";
				ENABLE_NS_ASSERTIONS = NO;
				ENABLE_STRICT_OBJC_MSGSEND = YES;
				GCC_C_LANGUAGE_STANDARD = gnu11;
				GCC_NO_COMMON_BLOCKS = YES;
				GCC_WARN_64_TO_32_BIT_CONVERSION = YES;
				GCC_WARN_ABOUT_RETURN_TYPE = YES_ERROR;
				GCC_WARN_UNDECLARED_SELECTOR = YES;
				GCC_WARN_UNINITIALIZED_AUTOS = YES_AGGRESSIVE;
				GCC_WARN_UNUSED_FUNCTION = YES;
				GCC_WARN_UNUSED_VARIABLE = YES;
				IPHONEOS_DEPLOYMENT_TARGET = 16.0;
				MTL_ENABLE_DEBUG_INFO = NO;
				MTL_FAST_MATH = YES;
				SDKROOT = iphoneos;
				SWIFT_COMPILATION_MODE = wholemodule;
				SWIFT_OPTIMIZATION_LEVEL = "-O";
				VALIDATE_PRODUCT = YES;
			};
			name = Release;
		};
		ACDD9B452909A44600730F10 /* Debug */ = {
			isa = XCBuildConfiguration;
			buildSettings = {
				ASSETCATALOG_COMPILER_APPICON_NAME = AppIcon;
				ASSETCATALOG_COMPILER_GLOBAL_ACCENT_COLOR_NAME = AccentColor;
				CODE_SIGN_STYLE = Automatic;
				CURRENT_PROJECT_VERSION = 1;
				GENERATE_INFOPLIST_FILE = YES;
				INFOPLIST_FILE = Bankey/Info.plist;
				INFOPLIST_KEY_UIApplicationSupportsIndirectInputEvents = YES;
				INFOPLIST_KEY_UILaunchStoryboardName = LaunchScreen;
				INFOPLIST_KEY_UISupportedInterfaceOrientations_iPad = "UIInterfaceOrientationPortrait UIInterfaceOrientationPortraitUpsideDown UIInterfaceOrientationLandscapeLeft UIInterfaceOrientationLandscapeRight";
				INFOPLIST_KEY_UISupportedInterfaceOrientations_iPhone = "UIInterfaceOrientationPortrait UIInterfaceOrientationLandscapeLeft UIInterfaceOrientationLandscapeRight";
				LD_RUNPATH_SEARCH_PATHS = (
					"$(inherited)",
					"@executable_path/Frameworks",
				);
				MARKETING_VERSION = 1.0;
				PRODUCT_BUNDLE_IDENTIFIER = com.accesso.Bankey;
				PRODUCT_NAME = "$(TARGET_NAME)";
				SWIFT_EMIT_LOC_STRINGS = YES;
				SWIFT_VERSION = 5.0;
				TARGETED_DEVICE_FAMILY = "1,2";
			};
			name = Debug;
		};
		ACDD9B462909A44600730F10 /* Release */ = {
			isa = XCBuildConfiguration;
			buildSettings = {
				ASSETCATALOG_COMPILER_APPICON_NAME = AppIcon;
				ASSETCATALOG_COMPILER_GLOBAL_ACCENT_COLOR_NAME = AccentColor;
				CODE_SIGN_STYLE = Automatic;
				CURRENT_PROJECT_VERSION = 1;
				GENERATE_INFOPLIST_FILE = YES;
				INFOPLIST_FILE = Bankey/Info.plist;
				INFOPLIST_KEY_UIApplicationSupportsIndirectInputEvents = YES;
				INFOPLIST_KEY_UILaunchStoryboardName = LaunchScreen;
				INFOPLIST_KEY_UISupportedInterfaceOrientations_iPad = "UIInterfaceOrientationPortrait UIInterfaceOrientationPortraitUpsideDown UIInterfaceOrientationLandscapeLeft UIInterfaceOrientationLandscapeRight";
				INFOPLIST_KEY_UISupportedInterfaceOrientations_iPhone = "UIInterfaceOrientationPortrait UIInterfaceOrientationLandscapeLeft UIInterfaceOrientationLandscapeRight";
				LD_RUNPATH_SEARCH_PATHS = (
					"$(inherited)",
					"@executable_path/Frameworks",
				);
				MARKETING_VERSION = 1.0;
				PRODUCT_BUNDLE_IDENTIFIER = com.accesso.Bankey;
				PRODUCT_NAME = "$(TARGET_NAME)";
				SWIFT_EMIT_LOC_STRINGS = YES;
				SWIFT_VERSION = 5.0;
				TARGETED_DEVICE_FAMILY = "1,2";
			};
			name = Release;
		};
/* End XCBuildConfiguration section */

/* Begin XCConfigurationList section */
		ACBF924B297ED9D4001B2C12 /* Build configuration list for PBXNativeTarget "BankeyUnitTests" */ = {
			isa = XCConfigurationList;
			buildConfigurations = (
				ACBF9249297ED9D4001B2C12 /* Debug */,
				ACBF924A297ED9D4001B2C12 /* Release */,
			);
			defaultConfigurationIsVisible = 0;
			defaultConfigurationName = Release;
		};
		ACDD9B2B2909A44400730F10 /* Build configuration list for PBXProject "Bankey" */ = {
			isa = XCConfigurationList;
			buildConfigurations = (
				ACDD9B422909A44600730F10 /* Debug */,
				ACDD9B432909A44600730F10 /* Release */,
			);
			defaultConfigurationIsVisible = 0;
			defaultConfigurationName = Release;
		};
		ACDD9B442909A44600730F10 /* Build configuration list for PBXNativeTarget "Bankey" */ = {
			isa = XCConfigurationList;
			buildConfigurations = (
				ACDD9B452909A44600730F10 /* Debug */,
				ACDD9B462909A44600730F10 /* Release */,
			);
			defaultConfigurationIsVisible = 0;
			defaultConfigurationName = Release;
		};
/* End XCConfigurationList section */
	};
	rootObject = ACDD9B282909A44400730F10 /* Project object */;
}
